
Microsoft Visual Studio Solution File, Format Version 12.00
# Visual Studio 2017
Project("{FAE04EC0-301F-11D3-BF4B-00C04F79EFBC}") = "2DinClass.Plugins", "2DinClass.Plugins.csproj", "{41C64377-BA29-74FB-E135-AC0557D09CDF}"
EndProject
Project("{FAE04EC0-301F-11D3-BF4B-00C04F79EFBC}") = "2DinClass", "2DinClass.csproj", "{22617587-7633-11D8-DA73-F76E2FBE19E7}"
EndProject
Project("{FAE04EC0-301F-11D3-BF4B-00C04F79EFBC}") = "2DinClass.Editor.Plugins", "2DinClass.Editor.Plugins.csproj", "{B4E16144-D121-98D4-9882-DC1DA16FCCAE}"
EndProject
Global
	GlobalSection(SolutionConfigurationPlatforms) = preSolution
		Debug|Any CPU = Debug|Any CPU
		Release|Any CPU = Release|Any CPU
	EndGlobalSection
	GlobalSection(ProjectConfigurationPlatforms) = postSolution
		{41C64377-BA29-74FB-E135-AC0557D09CDF}.Debug|Any CPU.ActiveCfg = Debug|Any CPU
		{41C64377-BA29-74FB-E135-AC0557D09CDF}.Debug|Any CPU.Build.0 = Debug|Any CPU
		{41C64377-BA29-74FB-E135-AC0557D09CDF}.Release|Any CPU.ActiveCfg = Release|Any CPU
		{41C64377-BA29-74FB-E135-AC0557D09CDF}.Release|Any CPU.Build.0 = Release|Any CPU
		{22617587-7633-11D8-DA73-F76E2FBE19E7}.Debug|Any CPU.ActiveCfg = Debug|Any CPU
		{22617587-7633-11D8-DA73-F76E2FBE19E7}.Debug|Any CPU.Build.0 = Debug|Any CPU
		{22617587-7633-11D8-DA73-F76E2FBE19E7}.Release|Any CPU.ActiveCfg = Release|Any CPU
		{22617587-7633-11D8-DA73-F76E2FBE19E7}.Release|Any CPU.Build.0 = Release|Any CPU
		{B4E16144-D121-98D4-9882-DC1DA16FCCAE}.Debug|Any CPU.ActiveCfg = Debug|Any CPU
		{B4E16144-D121-98D4-9882-DC1DA16FCCAE}.Debug|Any CPU.Build.0 = Debug|Any CPU
		{B4E16144-D121-98D4-9882-DC1DA16FCCAE}.Release|Any CPU.ActiveCfg = Release|Any CPU
		{B4E16144-D121-98D4-9882-DC1DA16FCCAE}.Release|Any CPU.Build.0 = Release|Any CPU
	EndGlobalSection
	GlobalSection(SolutionProperties) = preSolution
		HideSolutionNode = FALSE
	EndGlobalSection
EndGlobal
